
Microsoft Visual Studio Solution File, Format Version 12.00
# Visual Studio 15
VisualStudioVersion = 15.0.28307.852
MinimumVisualStudioVersion = 10.0.40219.1
Project("{9A19103F-16F7-4668-BE54-9A1E7A4F7556}") = "Regular Expressions", "Regular Expressions\Regular Expressions.csproj", "{AEF4194F-D577-4060-AE0F-8B2AC5FFF48E}"
EndProject
Project("{9A19103F-16F7-4668-BE54-9A1E7A4F7556}") = "Furniture", "Furniture\Furniture.csproj", "{DD1E6257-E8A9-4DDA-AAD4-6E08165EFC21}"
EndProject
Project("{9A19103F-16F7-4668-BE54-9A1E7A4F7556}") = "Race", "Race\Race.csproj", "{85D1E32A-818D-42CC-824D-B7B87E2BF588}"
EndProject
Project("{9A19103F-16F7-4668-BE54-9A1E7A4F7556}") = "SoftUniBarIncome", "SoftUniBarIncome\SoftUniBarIncome.csproj", "{6FEFDF75-1DBA-461A-9149-F747DB2519D0}"
EndProject
Project("{FAE04EC0-301F-11D3-BF4B-00C04F79EFBC}") = "NetherRealms", "NetherRealms\NetherRealms.csproj", "{262F2F84-8C1D-45C2-87DC-C3671115C350}"
EndProject
Global
	GlobalSection(SolutionConfigurationPlatforms) = preSolution
		Debug|Any CPU = Debug|Any CPU
		Release|Any CPU = Release|Any CPU
	EndGlobalSection
	GlobalSection(ProjectConfigurationPlatforms) = postSolution
		{AEF4194F-D577-4060-AE0F-8B2AC5FFF48E}.Debug|Any CPU.ActiveCfg = Debug|Any CPU
		{AEF4194F-D577-4060-AE0F-8B2AC5FFF48E}.Debug|Any CPU.Build.0 = Debug|Any CPU
		{AEF4194F-D577-4060-AE0F-8B2AC5FFF48E}.Release|Any CPU.ActiveCfg = Release|Any CPU
		{AEF4194F-D577-4060-AE0F-8B2AC5FFF48E}.Release|Any CPU.Build.0 = Release|Any CPU
		{DD1E6257-E8A9-4DDA-AAD4-6E08165EFC21}.Debug|Any CPU.ActiveCfg = Debug|Any CPU
		{DD1E6257-E8A9-4DDA-AAD4-6E08165EFC21}.Debug|Any CPU.Build.0 = Debug|Any CPU
		{DD1E6257-E8A9-4DDA-AAD4-6E08165EFC21}.Release|Any CPU.ActiveCfg = Release|Any CPU
		{DD1E6257-E8A9-4DDA-AAD4-6E08165EFC21}.Release|Any CPU.Build.0 = Release|Any CPU
		{85D1E32A-818D-42CC-824D-B7B87E2BF588}.Debug|Any CPU.ActiveCfg = Debug|Any CPU
		{85D1E32A-818D-42CC-824D-B7B87E2BF588}.Debug|Any CPU.Build.0 = Debug|Any CPU
		{85D1E32A-818D-42CC-824D-B7B87E2BF588}.Release|Any CPU.ActiveCfg = Release|Any CPU
		{85D1E32A-818D-42CC-824D-B7B87E2BF588}.Release|Any CPU.Build.0 = Release|Any CPU
		{6FEFDF75-1DBA-461A-9149-F747DB2519D0}.Debug|Any CPU.ActiveCfg = Debug|Any CPU
		{6FEFDF75-1DBA-461A-9149-F747DB2519D0}.Debug|Any CPU.Build.0 = Debug|Any CPU
		{6FEFDF75-1DBA-461A-9149-F747DB2519D0}.Release|Any CPU.ActiveCfg = Release|Any CPU
		{6FEFDF75-1DBA-461A-9149-F747DB2519D0}.Release|Any CPU.Build.0 = Release|Any CPU
		{262F2F84-8C1D-45C2-87DC-C3671115C350}.Debug|Any CPU.ActiveCfg = Debug|Any CPU
		{262F2F84-8C1D-45C2-87DC-C3671115C350}.Debug|Any CPU.Build.0 = Debug|Any CPU
		{262F2F84-8C1D-45C2-87DC-C3671115C350}.Release|Any CPU.ActiveCfg = Release|Any CPU
		{262F2F84-8C1D-45C2-87DC-C3671115C350}.Release|Any CPU.Build.0 = Release|Any CPU
	EndGlobalSection
	GlobalSection(SolutionProperties) = preSolution
		HideSolutionNode = FALSE
	EndGlobalSection
	GlobalSection(ExtensibilityGlobals) = postSolution
		SolutionGuid = {55EF5A62-3DA8-4094-86F8-8DFD2919CCB1}
	EndGlobalSection
EndGlobal
