
Microsoft Visual Studio Solution File, Format Version 12.00
# Visual Studio 15
VisualStudioVersion = 15.0.28307.852
MinimumVisualStudioVersion = 10.0.40219.1
Project("{9A19103F-16F7-4668-BE54-9A1E7A4F7556}") = "RepeatString", "Text Processing\RepeatString.csproj", "{6AEE99FB-BFA3-4DDF-8CAD-47D45EEC4B98}"
EndProject
Project("{9A19103F-16F7-4668-BE54-9A1E7A4F7556}") = "Searching String", "Searching String\Searching String.csproj", "{3FAA8697-03A9-425D-8A5A-E87FC1C55FF0}"
EndProject
Project("{9A19103F-16F7-4668-BE54-9A1E7A4F7556}") = "RemoveWord", "RemoveWord\RemoveWord.csproj", "{DD98B8C8-CABC-4E94-B760-C64C4132BA18}"
EndProject
Project("{FAE04EC0-301F-11D3-BF4B-00C04F79EFBC}") = "TextFilter", "TextFilter\TextFilter.csproj", "{31E4F6DD-477E-4B6A-901E-EE62058F35EC}"
EndProject
Project("{FAE04EC0-301F-11D3-BF4B-00C04F79EFBC}") = "StringManipulation", "StringBuilder\StringManipulation.csproj", "{2B5B3EEF-DBA2-4800-9C16-87FD963476AD}"
EndProject
Project("{FAE04EC0-301F-11D3-BF4B-00C04F79EFBC}") = "SortElements", "SortElements\SortElements.csproj", "{226A8EEA-2AC3-48B2-8D09-6D32E5B42F82}"
EndProject
Global
	GlobalSection(SolutionConfigurationPlatforms) = preSolution
		Debug|Any CPU = Debug|Any CPU
		Release|Any CPU = Release|Any CPU
	EndGlobalSection
	GlobalSection(ProjectConfigurationPlatforms) = postSolution
		{6AEE99FB-BFA3-4DDF-8CAD-47D45EEC4B98}.Debug|Any CPU.ActiveCfg = Debug|Any CPU
		{6AEE99FB-BFA3-4DDF-8CAD-47D45EEC4B98}.Debug|Any CPU.Build.0 = Debug|Any CPU
		{6AEE99FB-BFA3-4DDF-8CAD-47D45EEC4B98}.Release|Any CPU.ActiveCfg = Release|Any CPU
		{6AEE99FB-BFA3-4DDF-8CAD-47D45EEC4B98}.Release|Any CPU.Build.0 = Release|Any CPU
		{3FAA8697-03A9-425D-8A5A-E87FC1C55FF0}.Debug|Any CPU.ActiveCfg = Debug|Any CPU
		{3FAA8697-03A9-425D-8A5A-E87FC1C55FF0}.Debug|Any CPU.Build.0 = Debug|Any CPU
		{3FAA8697-03A9-425D-8A5A-E87FC1C55FF0}.Release|Any CPU.ActiveCfg = Release|Any CPU
		{3FAA8697-03A9-425D-8A5A-E87FC1C55FF0}.Release|Any CPU.Build.0 = Release|Any CPU
		{DD98B8C8-CABC-4E94-B760-C64C4132BA18}.Debug|Any CPU.ActiveCfg = Debug|Any CPU
		{DD98B8C8-CABC-4E94-B760-C64C4132BA18}.Debug|Any CPU.Build.0 = Debug|Any CPU
		{DD98B8C8-CABC-4E94-B760-C64C4132BA18}.Release|Any CPU.ActiveCfg = Release|Any CPU
		{DD98B8C8-CABC-4E94-B760-C64C4132BA18}.Release|Any CPU.Build.0 = Release|Any CPU
		{31E4F6DD-477E-4B6A-901E-EE62058F35EC}.Debug|Any CPU.ActiveCfg = Debug|Any CPU
		{31E4F6DD-477E-4B6A-901E-EE62058F35EC}.Debug|Any CPU.Build.0 = Debug|Any CPU
		{31E4F6DD-477E-4B6A-901E-EE62058F35EC}.Release|Any CPU.ActiveCfg = Release|Any CPU
		{31E4F6DD-477E-4B6A-901E-EE62058F35EC}.Release|Any CPU.Build.0 = Release|Any CPU
		{2B5B3EEF-DBA2-4800-9C16-87FD963476AD}.Debug|Any CPU.ActiveCfg = Debug|Any CPU
		{2B5B3EEF-DBA2-4800-9C16-87FD963476AD}.Debug|Any CPU.Build.0 = Debug|Any CPU
		{2B5B3EEF-DBA2-4800-9C16-87FD963476AD}.Release|Any CPU.ActiveCfg = Release|Any CPU
		{2B5B3EEF-DBA2-4800-9C16-87FD963476AD}.Release|Any CPU.Build.0 = Release|Any CPU
		{226A8EEA-2AC3-48B2-8D09-6D32E5B42F82}.Debug|Any CPU.ActiveCfg = Debug|Any CPU
		{226A8EEA-2AC3-48B2-8D09-6D32E5B42F82}.Debug|Any CPU.Build.0 = Debug|Any CPU
		{226A8EEA-2AC3-48B2-8D09-6D32E5B42F82}.Release|Any CPU.ActiveCfg = Release|Any CPU
		{226A8EEA-2AC3-48B2-8D09-6D32E5B42F82}.Release|Any CPU.Build.0 = Release|Any CPU
	EndGlobalSection
	GlobalSection(SolutionProperties) = preSolution
		HideSolutionNode = FALSE
	EndGlobalSection
	GlobalSection(ExtensibilityGlobals) = postSolution
		SolutionGuid = {F1D4A5E3-E907-47AB-884C-9B14A49EB19C}
	EndGlobalSection
EndGlobal
